// !$*UTF8*$!
{
	archiveVersion = 1;
	classes = {
	};
	objectVersion = 48;
	objects = {

/* Begin PBXBuildFile section */
		854095111FA85D0B0053B5EC /* AppDelegate.m in Sources */ = {isa = PBXBuildFile; fileRef = 854095101FA85D0B0053B5EC /* AppDelegate.m */; };
		854095141FA85D0B0053B5EC /* ViewController.m in Sources */ = {isa = PBXBuildFile; fileRef = 854095131FA85D0B0053B5EC /* ViewController.m */; };
		854095171FA85D0B0053B5EC /* Main.storyboard in Resources */ = {isa = PBXBuildFile; fileRef = 854095151FA85D0B0053B5EC /* Main.storyboard */; };
		854095191FA85D0B0053B5EC /* Assets.xcassets in Resources */ = {isa = PBXBuildFile; fileRef = 854095181FA85D0B0053B5EC /* Assets.xcassets */; };
		8540951C1FA85D0B0053B5EC /* LaunchScreen.storyboard in Resources */ = {isa = PBXBuildFile; fileRef = 8540951A1FA85D0B0053B5EC /* LaunchScreen.storyboard */; };
		8540951F1FA85D0B0053B5EC /* main.m in Sources */ = {isa = PBXBuildFile; fileRef = 8540951E1FA85D0B0053B5EC /* main.m */; };
		8540953F1FA85E0A0053B5EC /* LibTest.framework in Frameworks */ = {isa = PBXBuildFile; fileRef = 854095401FA85E0A0053B5EC /* LibTest.framework */; };
		854095531FA85EC50053B5EC /* LibTest2.framework in Frameworks */ = {isa = PBXBuildFile; fileRef = 854095541FA85EC50053B5EC /* LibTest2.framework */; };
/* End PBXBuildFile section */

/* Begin PBXFileReference section */
		8540950C1FA85D0B0053B5EC /* WorkspaseUseDemo.app */ = {isa = PBXFileReference; explicitFileType = wrapper.application; includeInIndex = 0; path = WorkspaseUseDemo.app; sourceTree = BUILT_PRODUCTS_DIR; };
		8540950F1FA85D0B0053B5EC /* AppDelegate.h */ = {isa = PBXFileReference; lastKnownFileType = sourcecode.c.h; path = AppDelegate.h; sourceTree = "<group>"; };
		854095101FA85D0B0053B5EC /* AppDelegate.m */ = {isa = PBXFileReference; lastKnownFileType = sourcecode.c.objc; path = AppDelegate.m; sourceTree = "<group>"; };
		854095121FA85D0B0053B5EC /* ViewController.h */ = {isa = PBXFileReference; lastKnownFileType = sourcecode.c.h; path = ViewController.h; sourceTree = "<group>"; };
		854095131FA85D0B0053B5EC /* ViewController.m */ = {isa = PBXFileReference; lastKnownFileType = sourcecode.c.objc; path = ViewController.m; sourceTree = "<group>"; };
		854095161FA85D0B0053B5EC /* Base */ = {isa = PBXFileReference; lastKnownFileType = file.storyboard; name = Base; path = Base.lproj/Main.storyboard; sourceTree = "<group>"; };
		854095181FA85D0B0053B5EC /* Assets.xcassets */ = {isa = PBXFileReference; lastKnownFileType = folder.assetcatalog; path = Assets.xcassets; sourceTree = "<group>"; };
		8540951B1FA85D0B0053B5EC /* Base */ = {isa = PBXFileReference; lastKnownFileType = file.storyboard; name = Base; path = Base.lproj/LaunchScreen.storyboard; sourceTree = "<group>"; };
		8540951D1FA85D0B0053B5EC /* Info.plist */ = {isa = PBXFileReference; lastKnownFileType = text.plist.xml; path = Info.plist; sourceTree = "<group>"; };
		8540951E1FA85D0B0053B5EC /* main.m */ = {isa = PBXFileReference; lastKnownFileType = sourcecode.c.objc; path = main.m; sourceTree = "<group>"; };
		854095401FA85E0A0053B5EC /* LibTest.framework */ = {isa = PBXFileReference; explicitFileType = wrapper.framework; path = LibTest.framework; sourceTree = BUILT_PRODUCTS_DIR; };
		854095541FA85EC50053B5EC /* LibTest2.framework */ = {isa = PBXFileReference; explicitFileType = wrapper.framework; path = LibTest2.framework; sourceTree = BUILT_PRODUCTS_DIR; };
/* End PBXFileReference section */

/* Begin PBXFrameworksBuildPhase section */
		854095091FA85D0B0053B5EC /* Frameworks */ = {
			isa = PBXFrameworksBuildPhase;
			buildActionMask = 2147483647;
			files = (
				854095531FA85EC50053B5EC /* LibTest2.framework in Frameworks */,
				8540953F1FA85E0A0053B5EC /* LibTest.framework in Frameworks */,
			);
			runOnlyForDeploymentPostprocessing = 0;
		};
/* End PBXFrameworksBuildPhase section */

/* Begin PBXGroup section */
		854095031FA85D0B0053B5EC = {
			isa = PBXGroup;
			children = (
				8540950E1FA85D0B0053B5EC /* WorkspaseUseDemo */,
				8540950D1FA85D0B0053B5EC /* Products */,
				8540953E1FA85E0A0053B5EC /* Frameworks */,
			);
			sourceTree = "<group>";
		};
		8540950D1FA85D0B0053B5EC /* Products */ = {
			isa = PBXGroup;
			children = (
				8540950C1FA85D0B0053B5EC /* WorkspaseUseDemo.app */,
			);
			name = Products;
			sourceTree = "<group>";
		};
		8540950E1FA85D0B0053B5EC /* WorkspaseUseDemo */ = {
			isa = PBXGroup;
			children = (
				8540950F1FA85D0B0053B5EC /* AppDelegate.h */,
				854095101FA85D0B0053B5EC /* AppDelegate.m */,
				854095121FA85D0B0053B5EC /* ViewController.h */,
				854095131FA85D0B0053B5EC /* ViewController.m */,
				854095151FA85D0B0053B5EC /* Main.storyboard */,
				854095181FA85D0B0053B5EC /* Assets.xcassets */,
				8540951A1FA85D0B0053B5EC /* LaunchScreen.storyboard */,
				8540951D1FA85D0B0053B5EC /* Info.plist */,
				8540951E1FA85D0B0053B5EC /* main.m */,
			);
			path = WorkspaseUseDemo;
			sourceTree = "<group>";
		};
		8540953E1FA85E0A0053B5EC /* Frameworks */ = {
			isa = PBXGroup;
			children = (
				854095541FA85EC50053B5EC /* LibTest2.framework */,
				854095401FA85E0A0053B5EC /* LibTest.framework */,
			);
			name = Frameworks;
			sourceTree = "<group>";
		};
/* End PBXGroup section */

/* Begin PBXNativeTarget section */
		8540950B1FA85D0B0053B5EC /* WorkspaseUseDemo */ = {
			isa = PBXNativeTarget;
			buildConfigurationList = 854095221FA85D0B0053B5EC /* Build configuration list for PBXNativeTarget "WorkspaseUseDemo" */;
			buildPhases = (
				854095081FA85D0B0053B5EC /* Sources */,
				854095091FA85D0B0053B5EC /* Frameworks */,
				8540950A1FA85D0B0053B5EC /* Resources */,
			);
			buildRules = (
			);
			dependencies = (
			);
			name = WorkspaseUseDemo;
			productName = WorkspaseUseDemo;
			productReference = 8540950C1FA85D0B0053B5EC /* WorkspaseUseDemo.app */;
			productType = "com.apple.product-type.application";
		};
/* End PBXNativeTarget section */

/* Begin PBXProject section */
		854095041FA85D0B0053B5EC /* Project object */ = {
			isa = PBXProject;
			attributes = {
				LastUpgradeCheck = 0900;
				ORGANIZATIONNAME = "ShineZone Inc";
				TargetAttributes = {
					8540950B1FA85D0B0053B5EC = {
						CreatedOnToolsVersion = 9.0;
						ProvisioningStyle = Automatic;
					};
				};
			};
			buildConfigurationList = 854095071FA85D0B0053B5EC /* Build configuration list for PBXProject "WorkspaseUseDemo" */;
			compatibilityVersion = "Xcode 8.0";
			developmentRegion = en;
			hasScannedForEncodings = 0;
			knownRegions = (
				en,
				Base,
			);
			mainGroup = 854095031FA85D0B0053B5EC;
			productRefGroup = 8540950D1FA85D0B0053B5EC /* Products */;
			projectDirPath = "";
			projectRoot = "";
			targets = (
				8540950B1FA85D0B0053B5EC /* WorkspaseUseDemo */,
			);
		};
/* End PBXProject section */

/* Begin PBXResourcesBuildPhase section */
		8540950A1FA85D0B0053B5EC /* Resources */ = {
			isa = PBXResourcesBuildPhase;
			buildActionMask = 2147483647;
			files = (
				8540951C1FA85D0B0053B5EC /* LaunchScreen.storyboard in Resources */,
				854095191FA85D0B0053B5EC /* Assets.xcassets in Resources */,
				854095171FA85D0B0053B5EC /* Main.storyboard in Resources */,
			);
			runOnlyForDeploymentPostprocessing = 0;
		};
/* End PBXResourcesBuildPhase section */

/* Begin PBXSourcesBuildPhase section */
		854095081FA85D0B0053B5EC /* Sources */ = {
			isa = PBXSourcesBuildPhase;
			buildActionMask = 2147483647;
			files = (
				854095141FA85D0B0053B5EC /* ViewController.m in Sources */,
				8540951F1FA85D0B0053B5EC /* main.m in Sources */,
				854095111FA85D0B0053B5EC /* AppDelegate.m in Sources */,
			);
			runOnlyForDeploymentPostprocessing = 0;
		};
/* End PBXSourcesBuildPhase section */

/* Begin PBXVariantGroup section */
		854095151FA85D0B0053B5EC /* Main.storyboard */ = {
			isa = PBXVariantGroup;
			children = (
				854095161FA85D0B0053B5EC /* Base */,
			);
			name = Main.storyboard;
			sourceTree = "<group>";
		};
		8540951A1FA85D0B0053B5EC /* LaunchScreen.storyboard */ = {
			isa = PBXVariantGroup;
			children = (
				8540951B1FA85D0B0053B5EC /* Base */,
			);
			name = LaunchScreen.storyboard;
			sourceTree = "<group>";
		};
/* End PBXVariantGroup section */

/* Begin XCBuildConfiguration section */
		854095201FA85D0B0053B5EC /* Debug */ = {
			isa = XCBuildConfiguration;
			buildSettings = {
				ALWAYS_SEARCH_USER_PATHS = NO;
				CLANG_ANALYZER_NONNULL = YES;
				CLANG_ANALYZER_NUMBER_OBJECT_CONVERSION = YES_AGGRESSIVE;
				CLANG_CXX_LANGUAGE_STANDARD = "gnu++14";
				CLANG_CXX_LIBRARY = "libc++";
				CLANG_ENABLE_MODULES = YES;
				CLANG_ENABLE_OBJC_ARC = YES;
				CLANG_WARN_BLOCK_CAPTURE_AUTORELEASING = YES;
				CLANG_WARN_BOOL_CONVERSION = YES;
				CLANG_WARN_COMMA = YES;
				CLANG_WARN_CONSTANT_CONVERSION = YES;
				CLANG_WARN_DIRECT_OBJC_ISA_USAGE = YES_ERROR;
				CLANG_WARN_DOCUMENTATION_COMMENTS = YES;
				CLANG_WARN_EMPTY_BODY = YES;
				CLANG_WARN_ENUM_CONVERSION = YES;
				CLANG_WARN_INFINITE_RECURSION = YES;
				CLANG_WARN_INT_CONVERSION = YES;
				CLANG_WARN_NON_LITERAL_NULL_CONVERSION = YES;
				CLANG_WARN_OBJC_LITERAL_CONVERSION = YES;
				CLANG_WARN_OBJC_ROOT_CLASS = YES_ERROR;
				CLANG_WARN_RANGE_LOOP_ANALYSIS = YES;
				CLANG_WARN_STRICT_PROTOTYPES = YES;
				CLANG_WARN_SUSPICIOUS_MOVE = YES;
				CLANG_WARN_UNGUARDED_AVAILABILITY = YES_AGGRESSIVE;
				CLANG_WARN_UNREACHABLE_CODE = YES;
				CLANG_WARN__DUPLICATE_METHOD_MATCH = YES;
				CODE_SIGN_IDENTITY = "iPhone Developer";
				COPY_PHASE_STRIP = NO;
				DEBUG_INFORMATION_FORMAT = dwarf;
				ENABLE_STRICT_OBJC_MSGSEND = YES;
				ENABLE_TESTABILITY = YES;
				GCC_C_LANGUAGE_STANDARD = gnu11;
				GCC_DYNAMIC_NO_PIC = NO;
				GCC_NO_COMMON_BLOCKS = YES;
				GCC_OPTIMIZATION_LEVEL = 0;
				GCC_PREPROCESSOR_DEFINITIONS = (
					"DEBUG=1",
					"$(inherited)",
				);
				GCC_WARN_64_TO_32_BIT_CONVERSION = YES;
				GCC_WARN_ABOUT_RETURN_TYPE = YES_ERROR;
				GCC_WARN_UNDECLARED_SELECTOR = YES;
				GCC_WARN_UNINITIALIZED_AUTOS = YES_AGGRESSIVE;
				GCC_WARN_UNUSED_FUNCTION = YES;
				GCC_WARN_UNUSED_VARIABLE = YES;
				IPHONEOS_DEPLOYMENT_TARGET = 11.0;
				MTL_ENABLE_DEBUG_INFO = YES;
				ONLY_ACTIVE_ARCH = YES;
				SDKROOT = iphoneos;
			};
			name = Debug;
		};
		854095211FA85D0B0053B5EC /* Release */ = {
			isa = XCBuildConfiguration;
			buildSettings = {
				ALWAYS_SEARCH_USER_PATHS = NO;
				CLANG_ANALYZER_NONNULL = YES;
				CLANG_ANALYZER_NUMBER_OBJECT_CONVERSION = YES_AGGRESSIVE;
				CLANG_CXX_LANGUAGE_STANDARD = "gnu++14";
				CLANG_CXX_LIBRARY = "libc++";
				CLANG_ENABLE_MODULES = YES;
				CLANG_ENABLE_OBJC_ARC = YES;
				CLANG_WARN_BLOCK_CAPTURE_AUTORELEASING = YES;
				CLANG_WARN_BOOL_CONVERSION = YES;
				CLANG_WARN_COMMA = YES;
				CLANG_WARN_CONSTANT_CONVERSION = YES;
				CLANG_WARN_DIRECT_OBJC_ISA_USAGE = YES_ERROR;
				CLANG_WARN_DOCUMENTATION_COMMENTS = YES;
				CLANG_WARN_EMPTY_BODY = YES;
				CLANG_WARN_ENUM_CONVERSION = YES;
				CLANG_WARN_INFINITE_RECURSION = YES;
				CLANG_WARN_INT_CONVERSION = YES;
				CLANG_WARN_NON_LITERAL_NULL_CONVERSION = YES;
				CLANG_WARN_OBJC_LITERAL_CONVERSION = YES;
				CLANG_WARN_OBJC_ROOT_CLASS = YES_ERROR;
				CLANG_WARN_RANGE_LOOP_ANALYSIS = YES;
				CLANG_WARN_STRICT_PROTOTYPES = YES;
				CLANG_WARN_SUSPICIOUS_MOVE = YES;
				CLANG_WARN_UNGUARDED_AVAILABILITY = YES_AGGRESSIVE;
				CLANG_WARN_UNREACHABLE_CODE = YES;
				CLANG_WARN__DUPLICATE_METHOD_MATCH = YES;
				CODE_SIGN_IDENTITY = "iPhone Developer";
				COPY_PHASE_STRIP = NO;
				DEBUG_INFORMATION_FORMAT = "dwarf-with-dsym";
				ENABLE_NS_ASSERTIONS = NO;
				ENABLE_STRICT_OBJC_MSGSEND = YES;
				GCC_C_LANGUAGE_STANDARD = gnu11;
				GCC_NO_COMMON_BLOCKS = YES;
				GCC_WARN_64_TO_32_BIT_CONVERSION = YES;
				GCC_WARN_ABOUT_RETURN_TYPE = YES_ERROR;
				GCC_WARN_UNDECLARED_SELECTOR = YES;
				GCC_WARN_UNINITIALIZED_AUTOS = YES_AGGRESSIVE;
				GCC_WARN_UNUSED_FUNCTION = YES;
				GCC_WARN_UNUSED_VARIABLE = YES;
				IPHONEOS_DEPLOYMENT_TARGET = 11.0;
				MTL_ENABLE_DEBUG_INFO = NO;
				SDKROOT = iphoneos;
				VALIDATE_PRODUCT = YES;
			};
			name = Release;
		};
		854095231FA85D0B0053B5EC /* Debug */ = {
			isa = XCBuildConfiguration;
			buildSettings = {
				ASSETCATALOG_COMPILER_APPICON_NAME = AppIcon;
				CODE_SIGN_STYLE = Automatic;
				DEVELOPMENT_TEAM = RSC7NGMXWN;
				ENABLE_BITCODE = NO;
				HEADER_SEARCH_PATHS = "$(SRCROOT)/../LibTest/**";
				INFOPLIST_FILE = WorkspaseUseDemo/Info.plist;
				IPHONEOS_DEPLOYMENT_TARGET = 9.2;
				LD_RUNPATH_SEARCH_PATHS = "$(inherited) @executable_path/Frameworks";
				PRODUCT_BUNDLE_IDENTIFIER = com.shinezone.WorkspaseUseDemo;
				PRODUCT_NAME = "$(TARGET_NAME)";
				TARGETED_DEVICE_FAMILY = "1,2";
			};
			name = Debug;
		};
		854095241FA85D0B0053B5EC /* Release */ = {
			isa = XCBuildConfiguration;
			buildSettings = {
				ASSETCATALOG_COMPILER_APPICON_NAME = AppIcon;
				CODE_SIGN_STYLE = Automatic;
				DEVELOPMENT_TEAM = RSC7NGMXWN;
				ENABLE_BITCODE = NO;
				HEADER_SEARCH_PATHS = "$(SRCROOT)/../LibTest/**";
				INFOPLIST_FILE = WorkspaseUseDemo/Info.plist;
				IPHONEOS_DEPLOYMENT_TARGET = 9.2;
				LD_RUNPATH_SEARCH_PATHS = "$(inherited) @executable_path/Frameworks";
				PRODUCT_BUNDLE_IDENTIFIER = com.shinezone.WorkspaseUseDemo;
				PRODUCT_NAME = "$(TARGET_NAME)";
				TARGETED_DEVICE_FAMILY = "1,2";
			};
			name = Release;
		};
/* End XCBuildConfiguration section */

/* Begin XCConfigurationList section */
		854095071FA85D0B0053B5EC /* Build configuration list for PBXProject "WorkspaseUseDemo" */ = {
			isa = XCConfigurationList;
			buildConfigurations = (
				854095201FA85D0B0053B5EC /* Debug */,
				854095211FA85D0B0053B5EC /* Release */,
			);
			defaultConfigurationIsVisible = 0;
			defaultConfigurationName = Release;
		};
		854095221FA85D0B0053B5EC /* Build configuration list for PBXNativeTarget "WorkspaseUseDemo" */ = {
			isa = XCConfigurationList;
			buildConfigurations = (
				854095231FA85D0B0053B5EC /* Debug */,
				854095241FA85D0B0053B5EC /* Release */,
			);
			defaultConfigurationIsVisible = 0;
			defaultConfigurationName = Release;
		};
/* End XCConfigurationList section */
	};
	rootObject = 854095041FA85D0B0053B5EC /* Project object */;
}
